
Microsoft Visual Studio Solution File, Format Version 12.00
# Visual Studio Version 16
VisualStudioVersion = 25.0.1703.8
MinimumVisualStudioVersion = 10.0.40219.1
Project("{FAE04EC0-301F-11D3-BF4B-00C04F79EFBC}") = "PrimerDesafio", "PrimerDesafio\PrimerDesafio.csproj", "{D4FB5F0D-1777-4691-9C05-9D8D61D2EDEB}"
EndProject
Global
	GlobalSection(SolutionConfigurationPlatforms) = preSolution
		Debug|Any CPU = Debug|Any CPU
		Release|Any CPU = Release|Any CPU
	EndGlobalSection
	GlobalSection(ProjectConfigurationPlatforms) = postSolution
		{D4FB5F0D-1777-4691-9C05-9D8D61D2EDEB}.Debug|Any CPU.ActiveCfg = Debug|Any CPU
		{D4FB5F0D-1777-4691-9C05-9D8D61D2EDEB}.Debug|Any CPU.Build.0 = Debug|Any CPU
		{D4FB5F0D-1777-4691-9C05-9D8D61D2EDEB}.Release|Any CPU.ActiveCfg = Release|Any CPU
		{D4FB5F0D-1777-4691-9C05-9D8D61D2EDEB}.Release|Any CPU.Build.0 = Release|Any CPU
	EndGlobalSection
	GlobalSection(SolutionProperties) = preSolution
		HideSolutionNode = FALSE
	EndGlobalSection
	GlobalSection(ExtensibilityGlobals) = postSolution
		SolutionGuid = {D7001DE6-CC7A-446E-958C-D44D27C8B423}
	EndGlobalSection
EndGlobal
